
Microsoft Visual Studio Solution File, Format Version 12.00
# Visual Studio Version 16
VisualStudioVersion = 16.0.32802.440
MinimumVisualStudioVersion = 10.0.40219.1
Project("{8BC9CEB8-8B4A-11D0-8D11-00A0C91BC942}") = "SimpleReminder", "SimpleReminder\SimpleReminder.vcxproj", "{F1C6EBAB-C5DF-46B0-9609-2F678E3244A9}"
EndProject
Global
	GlobalSection(SolutionConfigurationPlatforms) = preSolution
		Debug|x64 = Debug|x64
		Release|x64 = Release|x64
	EndGlobalSection
	GlobalSection(ProjectConfigurationPlatforms) = postSolution
		{F1C6EBAB-C5DF-46B0-9609-2F678E3244A9}.Debug|x64.ActiveCfg = Debug|x64
		{F1C6EBAB-C5DF-46B0-9609-2F678E3244A9}.Debug|x64.Build.0 = Debug|x64
		{F1C6EBAB-C5DF-46B0-9609-2F678E3244A9}.Release|x64.ActiveCfg = Release|x64
		{F1C6EBAB-C5DF-46B0-9609-2F678E3244A9}.Release|x64.Build.0 = Release|x64
	EndGlobalSection
	GlobalSection(SolutionProperties) = preSolution
		HideSolutionNode = FALSE
	EndGlobalSection
	GlobalSection(ExtensibilityGlobals) = postSolution
		SolutionGuid = {C6831FEE-5F7D-40DC-A3CB-3630945D59A6}
	EndGlobalSection
EndGlobal
